// !$*UTF8*$!
{
	archiveVersion = 1;
	classes = {
	};
	objectVersion = 50;
	objects = {

/* Begin PBXBuildFile section */
		7D949910216E43FA001073F8 /* InfoView.swift in Sources */ = {isa = PBXBuildFile; fileRef = 7D94990F216E43FA001073F8 /* InfoView.swift */; };
		7DC02505216E08B700BAC257 /* AppDelegate.swift in Sources */ = {isa = PBXBuildFile; fileRef = 7DC02504216E08B700BAC257 /* AppDelegate.swift */; };
		7DC0250D216E08B800BAC257 /* coreData2.xcdatamodeld in Sources */ = {isa = PBXBuildFile; fileRef = 7DC0250B216E08B800BAC257 /* coreData2.xcdatamodeld */; };
		7DC0250F216E08C400BAC257 /* Assets.xcassets in Resources */ = {isa = PBXBuildFile; fileRef = 7DC0250E216E08C400BAC257 /* Assets.xcassets */; };
		7DC02512216E08C400BAC257 /* LaunchScreen.storyboard in Resources */ = {isa = PBXBuildFile; fileRef = 7DC02510216E08C400BAC257 /* LaunchScreen.storyboard */; };
		7DC0251A216E0C1C00BAC257 /* DetailViewController.swift in Sources */ = {isa = PBXBuildFile; fileRef = 7DC02519216E0C1B00BAC257 /* DetailViewController.swift */; };
		7DC0251C216E0C3500BAC257 /* ViewController.swift in Sources */ = {isa = PBXBuildFile; fileRef = 7DC0251B216E0C3500BAC257 /* ViewController.swift */; };
		7DC0251E216E0C5100BAC257 /* Main.storyboard in Resources */ = {isa = PBXBuildFile; fileRef = 7DC0251D216E0C5100BAC257 /* Main.storyboard */; };
/* End PBXBuildFile section */

/* Begin PBXFileReference section */
		7D94990F216E43FA001073F8 /* InfoView.swift */ = {isa = PBXFileReference; lastKnownFileType = sourcecode.swift; path = InfoView.swift; sourceTree = "<group>"; };
		7DC02501216E08B700BAC257 /* coreData2.app */ = {isa = PBXFileReference; explicitFileType = wrapper.application; includeInIndex = 0; path = coreData2.app; sourceTree = BUILT_PRODUCTS_DIR; };
		7DC02504216E08B700BAC257 /* AppDelegate.swift */ = {isa = PBXFileReference; lastKnownFileType = sourcecode.swift; path = AppDelegate.swift; sourceTree = "<group>"; };
		7DC0250C216E08B800BAC257 /* coreData2.xcdatamodel */ = {isa = PBXFileReference; lastKnownFileType = wrapper.xcdatamodel; path = coreData2.xcdatamodel; sourceTree = "<group>"; };
		7DC0250E216E08C400BAC257 /* Assets.xcassets */ = {isa = PBXFileReference; lastKnownFileType = folder.assetcatalog; path = Assets.xcassets; sourceTree = "<group>"; };
		7DC02511216E08C400BAC257 /* Base */ = {isa = PBXFileReference; lastKnownFileType = file.storyboard; name = Base; path = Base.lproj/LaunchScreen.storyboard; sourceTree = "<group>"; };
		7DC02513216E08C400BAC257 /* Info.plist */ = {isa = PBXFileReference; lastKnownFileType = text.plist.xml; path = Info.plist; sourceTree = "<group>"; };
		7DC02519216E0C1B00BAC257 /* DetailViewController.swift */ = {isa = PBXFileReference; fileEncoding = 4; lastKnownFileType = sourcecode.swift; path = DetailViewController.swift; sourceTree = "<group>"; };
		7DC0251B216E0C3500BAC257 /* ViewController.swift */ = {isa = PBXFileReference; fileEncoding = 4; lastKnownFileType = sourcecode.swift; path = ViewController.swift; sourceTree = "<group>"; };
		7DC0251D216E0C5100BAC257 /* Main.storyboard */ = {isa = PBXFileReference; fileEncoding = 4; lastKnownFileType = file.storyboard; path = Main.storyboard; sourceTree = "<group>"; };
/* End PBXFileReference section */

/* Begin PBXFrameworksBuildPhase section */
		7DC024FE216E08B700BAC257 /* Frameworks */ = {
			isa = PBXFrameworksBuildPhase;
			buildActionMask = 2147483647;
			files = (
			);
			runOnlyForDeploymentPostprocessing = 0;
		};
/* End PBXFrameworksBuildPhase section */

/* Begin PBXGroup section */
		7DC024F8216E08B700BAC257 = {
			isa = PBXGroup;
			children = (
				7DC02503216E08B700BAC257 /* coreData2 */,
				7DC02502216E08B700BAC257 /* Products */,
			);
			sourceTree = "<group>";
		};
		7DC02502216E08B700BAC257 /* Products */ = {
			isa = PBXGroup;
			children = (
				7DC02501216E08B700BAC257 /* coreData2.app */,
			);
			name = Products;
			sourceTree = "<group>";
		};
		7DC02503216E08B700BAC257 /* coreData2 */ = {
			isa = PBXGroup;
			children = (
				7DC02504216E08B700BAC257 /* AppDelegate.swift */,
				7DC0251B216E0C3500BAC257 /* ViewController.swift */,
				7DC02519216E0C1B00BAC257 /* DetailViewController.swift */,
				7D94990F216E43FA001073F8 /* InfoView.swift */,
				7DC0250E216E08C400BAC257 /* Assets.xcassets */,
				7DC0251D216E0C5100BAC257 /* Main.storyboard */,
				7DC02510216E08C400BAC257 /* LaunchScreen.storyboard */,
				7DC02513216E08C400BAC257 /* Info.plist */,
				7DC0250B216E08B800BAC257 /* coreData2.xcdatamodeld */,
			);
			path = coreData2;
			sourceTree = "<group>";
		};
/* End PBXGroup section */

/* Begin PBXNativeTarget section */
		7DC02500216E08B700BAC257 /* coreData2 */ = {
			isa = PBXNativeTarget;
			buildConfigurationList = 7DC02516216E08C400BAC257 /* Build configuration list for PBXNativeTarget "coreData2" */;
			buildPhases = (
				7DC024FD216E08B700BAC257 /* Sources */,
				7DC024FE216E08B700BAC257 /* Frameworks */,
				7DC024FF216E08B700BAC257 /* Resources */,
			);
			buildRules = (
			);
			dependencies = (
			);
			name = coreData2;
			productName = coreData2;
			productReference = 7DC02501216E08B700BAC257 /* coreData2.app */;
			productType = "com.apple.product-type.application";
		};
/* End PBXNativeTarget section */

/* Begin PBXProject section */
		7DC024F9216E08B700BAC257 /* Project object */ = {
			isa = PBXProject;
			attributes = {
				LastSwiftUpdateCheck = 1000;
				LastUpgradeCheck = 1000;
				ORGANIZATIONNAME = "Tricon Infotech";
				TargetAttributes = {
					7DC02500216E08B700BAC257 = {
						CreatedOnToolsVersion = 10.0;
					};
				};
			};
			buildConfigurationList = 7DC024FC216E08B700BAC257 /* Build configuration list for PBXProject "coreData2" */;
			compatibilityVersion = "Xcode 9.3";
			developmentRegion = en;
			hasScannedForEncodings = 0;
			knownRegions = (
				en,
				Base,
			);
			mainGroup = 7DC024F8216E08B700BAC257;
			productRefGroup = 7DC02502216E08B700BAC257 /* Products */;
			projectDirPath = "";
			projectRoot = "";
			targets = (
				7DC02500216E08B700BAC257 /* coreData2 */,
			);
		};
/* End PBXProject section */

/* Begin PBXResourcesBuildPhase section */
		7DC024FF216E08B700BAC257 /* Resources */ = {
			isa = PBXResourcesBuildPhase;
			buildActionMask = 2147483647;
			files = (
				7DC0251E216E0C5100BAC257 /* Main.storyboard in Resources */,
				7DC02512216E08C400BAC257 /* LaunchScreen.storyboard in Resources */,
				7DC0250F216E08C400BAC257 /* Assets.xcassets in Resources */,
			);
			runOnlyForDeploymentPostprocessing = 0;
		};
/* End PBXResourcesBuildPhase section */

/* Begin PBXSourcesBuildPhase section */
		7DC024FD216E08B700BAC257 /* Sources */ = {
			isa = PBXSourcesBuildPhase;
			buildActionMask = 2147483647;
			files = (
				7DC0250D216E08B800BAC257 /* coreData2.xcdatamodeld in Sources */,
				7DC02505216E08B700BAC257 /* AppDelegate.swift in Sources */,
				7DC0251C216E0C3500BAC257 /* ViewController.swift in Sources */,
				7D949910216E43FA001073F8 /* InfoView.swift in Sources */,
				7DC0251A216E0C1C00BAC257 /* DetailViewController.swift in Sources */,
			);
			runOnlyForDeploymentPostprocessing = 0;
		};
/* End PBXSourcesBuildPhase section */

/* Begin PBXVariantGroup section */
		7DC02510216E08C400BAC257 /* LaunchScreen.storyboard */ = {
			isa = PBXVariantGroup;
			children = (
				7DC02511216E08C400BAC257 /* Base */,
			);
			name = LaunchScreen.storyboard;
			sourceTree = "<group>";
		};
/* End PBXVariantGroup section */

/* Begin XCBuildConfiguration section */
		7DC02514216E08C400BAC257 /* Debug */ = {
			isa = XCBuildConfiguration;
			buildSettings = {
				ALWAYS_SEARCH_USER_PATHS = NO;
				CLANG_ANALYZER_NONNULL = YES;
				CLANG_ANALYZER_NUMBER_OBJECT_CONVERSION = YES_AGGRESSIVE;
				CLANG_CXX_LANGUAGE_STANDARD = "gnu++14";
				CLANG_CXX_LIBRARY = "libc++";
				CLANG_ENABLE_MODULES = YES;
				CLANG_ENABLE_OBJC_ARC = YES;
				CLANG_ENABLE_OBJC_WEAK = YES;
				CLANG_WARN_BLOCK_CAPTURE_AUTORELEASING = YES;
				CLANG_WARN_BOOL_CONVERSION = YES;
				CLANG_WARN_COMMA = YES;
				CLANG_WARN_CONSTANT_CONVERSION = YES;
				CLANG_WARN_DEPRECATED_OBJC_IMPLEMENTATIONS = YES;
				CLANG_WARN_DIRECT_OBJC_ISA_USAGE = YES_ERROR;
				CLANG_WARN_DOCUMENTATION_COMMENTS = YES;
				CLANG_WARN_EMPTY_BODY = YES;
				CLANG_WARN_ENUM_CONVERSION = YES;
				CLANG_WARN_INFINITE_RECURSION = YES;
				CLANG_WARN_INT_CONVERSION = YES;
				CLANG_WARN_NON_LITERAL_NULL_CONVERSION = YES;
				CLANG_WARN_OBJC_IMPLICIT_RETAIN_SELF = YES;
				CLANG_WARN_OBJC_LITERAL_CONVERSION = YES;
				CLANG_WARN_OBJC_ROOT_CLASS = YES_ERROR;
				CLANG_WARN_RANGE_LOOP_ANALYSIS = YES;
				CLANG_WARN_STRICT_PROTOTYPES = YES;
				CLANG_WARN_SUSPICIOUS_MOVE = YES;
				CLANG_WARN_UNGUARDED_AVAILABILITY = YES_AGGRESSIVE;
				CLANG_WARN_UNREACHABLE_CODE = YES;
				CLANG_WARN__DUPLICATE_METHOD_MATCH = YES;
				CODE_SIGN_IDENTITY = "iPhone Developer";
				COPY_PHASE_STRIP = NO;
				DEBUG_INFORMATION_FORMAT = dwarf;
				ENABLE_STRICT_OBJC_MSGSEND = YES;
				ENABLE_TESTABILITY = YES;
				GCC_C_LANGUAGE_STANDARD = gnu11;
				GCC_DYNAMIC_NO_PIC = NO;
				GCC_NO_COMMON_BLOCKS = YES;
				GCC_OPTIMIZATION_LEVEL = 0;
				GCC_PREPROCESSOR_DEFINITIONS = (
					"DEBUG=1",
					"$(inherited)",
				);
				GCC_WARN_64_TO_32_BIT_CONVERSION = YES;
				GCC_WARN_ABOUT_RETURN_TYPE = YES_ERROR;
				GCC_WARN_UNDECLARED_SELECTOR = YES;
				GCC_WARN_UNINITIALIZED_AUTOS = YES_AGGRESSIVE;
				GCC_WARN_UNUSED_FUNCTION = YES;
				GCC_WARN_UNUSED_VARIABLE = YES;
				IPHONEOS_DEPLOYMENT_TARGET = 12.0;
				MTL_ENABLE_DEBUG_INFO = INCLUDE_SOURCE;
				MTL_FAST_MATH = YES;
				ONLY_ACTIVE_ARCH = YES;
				SDKROOT = iphoneos;
				SWIFT_ACTIVE_COMPILATION_CONDITIONS = DEBUG;
				SWIFT_OPTIMIZATION_LEVEL = "-Onone";
			};
			name = Debug;
		};
		7DC02515216E08C400BAC257 /* Release */ = {
			isa = XCBuildConfiguration;
			buildSettings = {
				ALWAYS_SEARCH_USER_PATHS = NO;
				CLANG_ANALYZER_NONNULL = YES;
				CLANG_ANALYZER_NUMBER_OBJECT_CONVERSION = YES_AGGRESSIVE;
				CLANG_CXX_LANGUAGE_STANDARD = "gnu++14";
				CLANG_CXX_LIBRARY = "libc++";
				CLANG_ENABLE_MODULES = YES;
				CLANG_ENABLE_OBJC_ARC = YES;
				CLANG_ENABLE_OBJC_WEAK = YES;
				CLANG_WARN_BLOCK_CAPTURE_AUTORELEASING = YES;
				CLANG_WARN_BOOL_CONVERSION = YES;
				CLANG_WARN_COMMA = YES;
				CLANG_WARN_CONSTANT_CONVERSION = YES;
				CLANG_WARN_DEPRECATED_OBJC_IMPLEMENTATIONS = YES;
				CLANG_WARN_DIRECT_OBJC_ISA_USAGE = YES_ERROR;
				CLANG_WARN_DOCUMENTATION_COMMENTS = YES;
				CLANG_WARN_EMPTY_BODY = YES;
				CLANG_WARN_ENUM_CONVERSION = YES;
				CLANG_WARN_INFINITE_RECURSION = YES;
				CLANG_WARN_INT_CONVERSION = YES;
				CLANG_WARN_NON_LITERAL_NULL_CONVERSION = YES;
				CLANG_WARN_OBJC_IMPLICIT_RETAIN_SELF = YES;
				CLANG_WARN_OBJC_LITERAL_CONVERSION = YES;
				CLANG_WARN_OBJC_ROOT_CLASS = YES_ERROR;
				CLANG_WARN_RANGE_LOOP_ANALYSIS = YES;
				CLANG_WARN_STRICT_PROTOTYPES = YES;
				CLANG_WARN_SUSPICIOUS_MOVE = YES;
				CLANG_WARN_UNGUARDED_AVAILABILITY = YES_AGGRESSIVE;
				CLANG_WARN_UNREACHABLE_CODE = YES;
				CLANG_WARN__DUPLICATE_METHOD_MATCH = YES;
				CODE_SIGN_IDENTITY = "iPhone Developer";
				COPY_PHASE_STRIP = NO;
				DEBUG_INFORMATION_FORMAT = "dwarf-with-dsym";
				ENABLE_NS_ASSERTIONS = NO;
				ENABLE_STRICT_OBJC_MSGSEND = YES;
				GCC_C_LANGUAGE_STANDARD = gnu11;
				GCC_NO_COMMON_BLOCKS = YES;
				GCC_WARN_64_TO_32_BIT_CONVERSION = YES;
				GCC_WARN_ABOUT_RETURN_TYPE = YES_ERROR;
				GCC_WARN_UNDECLARED_SELECTOR = YES;
				GCC_WARN_UNINITIALIZED_AUTOS = YES_AGGRESSIVE;
				GCC_WARN_UNUSED_FUNCTION = YES;
				GCC_WARN_UNUSED_VARIABLE = YES;
				IPHONEOS_DEPLOYMENT_TARGET = 12.0;
				MTL_ENABLE_DEBUG_INFO = NO;
				MTL_FAST_MATH = YES;
				SDKROOT = iphoneos;
				SWIFT_COMPILATION_MODE = wholemodule;
				SWIFT_OPTIMIZATION_LEVEL = "-O";
				VALIDATE_PRODUCT = YES;
			};
			name = Release;
		};
		7DC02517216E08C400BAC257 /* Debug */ = {
			isa = XCBuildConfiguration;
			buildSettings = {
				ASSETCATALOG_COMPILER_APPICON_NAME = AppIcon;
				CODE_SIGN_STYLE = Manual;
				DEVELOPMENT_TEAM = 83PW5KJB94;
				INFOPLIST_FILE = coreData2/Info.plist;
				IPHONEOS_DEPLOYMENT_TARGET = 11.1;
				LD_RUNPATH_SEARCH_PATHS = (
					"$(inherited)",
					"@executable_path/Frameworks",
				);
				PRODUCT_BUNDLE_IDENTIFIER = com.srinivas.coreData2;
				PRODUCT_NAME = "$(TARGET_NAME)";
				PROVISIONING_PROFILE_SPECIFIER = "ios team development profile";
				SWIFT_VERSION = 4.2;
				TARGETED_DEVICE_FAMILY = "1,2";
			};
			name = Debug;
		};
		7DC02518216E08C400BAC257 /* Release */ = {
			isa = XCBuildConfiguration;
			buildSettings = {
				ASSETCATALOG_COMPILER_APPICON_NAME = AppIcon;
				CODE_SIGN_STYLE = Manual;
				DEVELOPMENT_TEAM = 83PW5KJB94;
				INFOPLIST_FILE = coreData2/Info.plist;
				IPHONEOS_DEPLOYMENT_TARGET = 11.1;
				LD_RUNPATH_SEARCH_PATHS = (
					"$(inherited)",
					"@executable_path/Frameworks",
				);
				PRODUCT_BUNDLE_IDENTIFIER = com.srinivas.coreData2;
				PRODUCT_NAME = "$(TARGET_NAME)";
				PROVISIONING_PROFILE_SPECIFIER = "ios team development profile";
				SWIFT_VERSION = 4.2;
				TARGETED_DEVICE_FAMILY = "1,2";
			};
			name = Release;
		};
/* End XCBuildConfiguration section */

/* Begin XCConfigurationList section */
		7DC024FC216E08B700BAC257 /* Build configuration list for PBXProject "coreData2" */ = {
			isa = XCConfigurationList;
			buildConfigurations = (
				7DC02514216E08C400BAC257 /* Debug */,
				7DC02515216E08C400BAC257 /* Release */,
			);
			defaultConfigurationIsVisible = 0;
			defaultConfigurationName = Release;
		};
		7DC02516216E08C400BAC257 /* Build configuration list for PBXNativeTarget "coreData2" */ = {
			isa = XCConfigurationList;
			buildConfigurations = (
				7DC02517216E08C400BAC257 /* Debug */,
				7DC02518216E08C400BAC257 /* Release */,
			);
			defaultConfigurationIsVisible = 0;
			defaultConfigurationName = Release;
		};
/* End XCConfigurationList section */

/* Begin XCVersionGroup section */
		7DC0250B216E08B800BAC257 /* coreData2.xcdatamodeld */ = {
			isa = XCVersionGroup;
			children = (
				7DC0250C216E08B800BAC257 /* coreData2.xcdatamodel */,
			);
			currentVersion = 7DC0250C216E08B800BAC257 /* coreData2.xcdatamodel */;
			path = coreData2.xcdatamodeld;
			sourceTree = "<group>";
			versionGroupType = wrapper.xcdatamodel;
		};
/* End XCVersionGroup section */
	};
	rootObject = 7DC024F9216E08B700BAC257 /* Project object */;
}
